# THIS IS AN AUTOGENERATED FILE. DO NOT EDIT THIS FILE DIRECTLY.
# yarn lockfile v1


"@babel/code-frame@^7.0.0", "@babel/code-frame@^7.10.4":
  "integrity" "sha512-vG6SvB6oYEhvgisZNFRmRCUkLz11c7rp+tbNTynGqc6mS1d5ATd/sGyV6W0KZZnXRKMTzZDRgQT3Ou9jhpAfUg=="
  "resolved" "https://registry.npmjs.org/@babel/code-frame/-/code-frame-7.10.4.tgz"
  "version" "7.10.4"
  dependencies:
    "@babel/highlight" "^7.10.4"

"@babel/helper-validator-identifier@^7.10.4":
  "integrity" "sha512-3U9y+43hz7ZM+rzG24Qe2mufW5KhvFg/NhnNph+i9mgCtdTCtMJuI1TMkrIUiK7Ix4PYlRF9I5dhqaLYA/ADXw=="
  "resolved" "https://registry.npmjs.org/@babel/helper-validator-identifier/-/helper-validator-identifier-7.10.4.tgz"
  "version" "7.10.4"

"@babel/highlight@^7.10.4":
  "integrity" "sha512-i6rgnR/YgPEQzZZnbTHHuZdlE8qyoBNalD6F+q4vAFlcMEcqmkoG+mPqJYJCo63qPf74+Y1UZsl3l6f7/RIkmA=="
  "resolved" "https://registry.npmjs.org/@babel/highlight/-/highlight-7.10.4.tgz"
  "version" "7.10.4"
  dependencies:
    "@babel/helper-validator-identifier" "^7.10.4"
    "chalk" "^2.0.0"
    "js-tokens" "^4.0.0"

"@nodelib/fs.scandir@2.1.3":
  "integrity" "sha512-eGmwYQn3gxo4r7jdQnkrrN6bY478C3P+a/y72IJukF8LjB6ZHeB3c+Ehacj3sYeSmUXGlnA67/PmbM9CVwL7Dw=="
  "resolved" "https://registry.npmjs.org/@nodelib/fs.scandir/-/fs.scandir-2.1.3.tgz"
  "version" "2.1.3"
  dependencies:
    "@nodelib/fs.stat" "2.0.3"
    "run-parallel" "^1.1.9"

"@nodelib/fs.stat@^2.0.2", "@nodelib/fs.stat@2.0.3":
  "integrity" "sha512-bQBFruR2TAwoevBEd/NWMoAAtNGzTRgdrqnYCc7dhzfoNvqPzLyqlEQnzZ3kVnNrSp25iyxE00/3h2fqGAGArA=="
  "resolved" "https://registry.npmjs.org/@nodelib/fs.stat/-/fs.stat-2.0.3.tgz"
  "version" "2.0.3"

"@nodelib/fs.walk@^1.2.3":
  "integrity" "sha512-1V9XOY4rDW0rehzbrcqAmHnz8e7SKvX27gh8Gt2WgB0+pdzdiLV83p72kZPU+jvMbS1qU5mauP2iOvO8rhmurQ=="
  "resolved" "https://registry.npmjs.org/@nodelib/fs.walk/-/fs.walk-1.2.4.tgz"
  "version" "1.2.4"
  dependencies:
    "@nodelib/fs.scandir" "2.1.3"
    "fastq" "^1.6.0"

"@types/parse-json@^4.0.0":
  "integrity" "sha512-//oorEZjL6sbPcKUaCdIGlIUeH26mgzimjBB77G6XRgnDl/L5wOnpyBGRe/Mmf5CVW3PwEBE1NjiMZ/ssFh4wA=="
  "resolved" "https://registry.npmjs.org/@types/parse-json/-/parse-json-4.0.0.tgz"
  "version" "4.0.0"

"ansi-styles@^3.2.1":
  "integrity" "sha512-VT0ZI6kZRdTh8YyJw3SMbYm/u+NqfsAxEpWO0Pf9sq8/e94WxxOpPKx9FR1FlyCtOVDNOQ+8ntlqFxiRc+r5qA=="
  "resolved" "https://registry.npmjs.org/ansi-styles/-/ansi-styles-3.2.1.tgz"
  "version" "3.2.1"
  dependencies:
    "color-convert" "^1.9.0"

"ansi-styles@^4.1.0":
  "integrity" "sha512-zbB9rCJAT1rbjiVDb2hqKFHNYLxgtk8NURxZ3IZwD3F6NtxbXZQCnnSi1Lkx+IDohdPlFp222wVALIheZJQSEg=="
  "resolved" "https://registry.npmjs.org/ansi-styles/-/ansi-styles-4.3.0.tgz"
  "version" "4.3.0"
  dependencies:
    "color-convert" "^2.0.1"

"any-promise@^1.0.0":
  "integrity" "sha1-q8av7tzqUugJzcA3au0845Y10X8="
  "resolved" "https://registry.npmjs.org/any-promise/-/any-promise-1.3.0.tgz"
  "version" "1.3.0"

"anymatch@~3.1.1":
  "integrity" "sha512-mM8522psRCqzV+6LhomX5wgp25YVibjh8Wj23I5RPkPppSVSjyKD2A2mBJmWGa+KN7f2D6LNh9jkBCeyLktzjg=="
  "resolved" "https://registry.npmjs.org/anymatch/-/anymatch-3.1.1.tgz"
  "version" "3.1.1"
  dependencies:
    "normalize-path" "^3.0.0"
    "picomatch" "^2.0.4"

"array-union@^2.1.0":
  "integrity" "sha512-HGyxoOTYUyCM6stUe6EJgnd4EoewAI7zMdfqO+kGjnlZmBDz/cR5pf8r/cR4Wq60sL/p0IkcjUEEPwS3GFrIyw=="
  "resolved" "https://registry.npmjs.org/array-union/-/array-union-2.1.0.tgz"
  "version" "2.1.0"

"balanced-match@^1.0.0":
  "integrity" "sha1-ibTRmasr7kneFk6gK4nORi1xt2c="
  "resolved" "https://registry.npmjs.org/balanced-match/-/balanced-match-1.0.0.tgz"
  "version" "1.0.0"

"binary-extensions@^2.0.0":
  "integrity" "sha512-1Yj8h9Q+QDF5FzhMs/c9+6UntbD5MkRfRwac8DoEm9ZfUBZ7tZ55YcGVAzEe4bXsdQHEk+s9S5wsOKVdZrw0tQ=="
  "resolved" "https://registry.npmjs.org/binary-extensions/-/binary-extensions-2.1.0.tgz"
  "version" "2.1.0"

"brace-expansion@^1.1.7":
  "integrity" "sha512-iCuPHDFgrHX7H2vEI/5xpz07zSHB00TpugqhmYtVmMO6518mCuRMoOYFldEBl0g187ufozdaHgWKcYFb61qGiA=="
  "resolved" "https://registry.npmjs.org/brace-expansion/-/brace-expansion-1.1.11.tgz"
  "version" "1.1.11"
  dependencies:
    "balanced-match" "^1.0.0"
    "concat-map" "0.0.1"

"braces@^3.0.1", "braces@~3.0.2":
  "integrity" "sha512-b8um+L1RzM3WDSzvhm6gIz1yfTbBt6YTlcEKAvsmqCZZFw46z626lVj9j1yEPW33H5H+lBQpZMP1k8l+78Ha0A=="
  "resolved" "https://registry.npmjs.org/braces/-/braces-3.0.2.tgz"
  "version" "3.0.2"
  dependencies:
    "fill-range" "^7.0.1"

"cac@^6.6.1":
  "integrity" "sha512-uhki4T3Ax68hw7Dufi0bATVAF8ayBSwOKUEJHjObPrUN4tlQ8Lf7oljpTje/mArLxYN0D743c2zJt4C1bVTCqg=="
  "resolved" "https://registry.npmjs.org/cac/-/cac-6.6.1.tgz"
  "version" "6.6.1"

"callsites@^3.0.0":
  "integrity" "sha512-P8BjAsXvZS+VIDUI11hHCQEv74YT67YUi5JJFNWIqL235sBmjX4+qx9Muvls5ivyNENctx46xQLQ3aTuE7ssaQ=="
  "resolved" "https://registry.npmjs.org/callsites/-/callsites-3.1.0.tgz"
  "version" "3.1.0"

"chalk@^2.0.0":
  "integrity" "sha512-Mti+f9lpJNcwF4tWV8/OrTTtF1gZi+f8FqlyAdouralcFWFQWF2+NgCHShjkCb+IFBLq9buZwE1xckQU4peSuQ=="
  "resolved" "https://registry.npmjs.org/chalk/-/chalk-2.4.2.tgz"
  "version" "2.4.2"
  dependencies:
    "ansi-styles" "^3.2.1"
    "escape-string-regexp" "^1.0.5"
    "supports-color" "^5.3.0"

"chalk@^4.1.0":
  "integrity" "sha512-qwx12AxXe2Q5xQ43Ac//I6v5aXTipYrSESdOgzrN+9XjgEpyjpKuvSGaN4qE93f7TQTlerQQ8S+EQ0EyDoVL1A=="
  "resolved" "https://registry.npmjs.org/chalk/-/chalk-4.1.0.tgz"
  "version" "4.1.0"
  dependencies:
    "ansi-styles" "^4.1.0"
    "supports-color" "^7.1.0"

"chokidar@^3.4.3":
  "integrity" "sha512-DtM3g7juCXQxFVSNPNByEC2+NImtBuxQQvWlHunpJIS5Ocr0lG306cC7FCi7cEA0fzmybPUIl4txBIobk1gGOQ=="
  "resolved" "https://registry.npmjs.org/chokidar/-/chokidar-3.4.3.tgz"
  "version" "3.4.3"
  dependencies:
    "anymatch" "~3.1.1"
    "braces" "~3.0.2"
    "fsevents" "~2.1.2"
    "glob-parent" "~5.1.0"
    "is-binary-path" "~2.1.0"
    "is-glob" "~4.0.1"
    "normalize-path" "~3.0.0"
    "readdirp" "~3.5.0"
  optionalDependencies:
    "fsevents" "~2.1.2"

"color-convert@^1.9.0":
  "integrity" "sha512-QfAUtd+vFdAtFQcC8CCyYt1fYWxSqAiK2cSD6zDB8N3cpsEBAvRxp9zOGg6G/SHHJYAT88/az/IuDGALsNVbGg=="
  "resolved" "https://registry.npmjs.org/color-convert/-/color-convert-1.9.3.tgz"
  "version" "1.9.3"
  dependencies:
    "color-name" "1.1.3"

"color-convert@^2.0.1":
  "integrity" "sha512-RRECPsj7iu/xb5oKYcsFHSppFNnsj/52OVTRKb4zP5onXwVF3zVmmToNcOfGC+CRDpfK/U584fMg38ZHCaElKQ=="
  "resolved" "https://registry.npmjs.org/color-convert/-/color-convert-2.0.1.tgz"
  "version" "2.0.1"
  dependencies:
    "color-name" "~1.1.4"

"color-name@~1.1.4":
  "integrity" "sha512-dOy+3AuW3a2wNbZHIuMZpTcgjGuLU/uBL/ubcZF9OXbDo8ff4O8yVp5Bf0efS8uEoYo5q4Fx7dY9OgQGXgAsQA=="
  "resolved" "https://registry.npmjs.org/color-name/-/color-name-1.1.4.tgz"
  "version" "1.1.4"

"color-name@1.1.3":
  "integrity" "sha1-p9BVi9icQveV3UIyj3QIMcpTvCU="
  "resolved" "https://registry.npmjs.org/color-name/-/color-name-1.1.3.tgz"
  "version" "1.1.3"

"commander@^4.0.0":
  "integrity" "sha512-NOKm8xhkzAjzFx8B2v5OAHT+u5pRQc2UCa2Vq9jYL/31o2wi9mxBA7LIFs3sV5VSC49z6pEhfbMULvShKj26WA=="
  "resolved" "https://registry.npmjs.org/commander/-/commander-4.1.1.tgz"
  "version" "4.1.1"

"concat-map@0.0.1":
  "integrity" "sha1-2Klr13/Wjfd5OnMDajug1UBdR3s="
  "resolved" "https://registry.npmjs.org/concat-map/-/concat-map-0.0.1.tgz"
  "version" "0.0.1"

"cosmiconfig@^7.0.0":
  "integrity" "sha512-pondGvTuVYDk++upghXJabWzL6Kxu6f26ljFw64Swq9v6sQPUL3EUlVDV56diOjpCayKihL6hVe8exIACU4XcA=="
  "resolved" "https://registry.npmjs.org/cosmiconfig/-/cosmiconfig-7.0.0.tgz"
  "version" "7.0.0"
  dependencies:
    "@types/parse-json" "^4.0.0"
    "import-fresh" "^3.2.1"
    "parse-json" "^5.0.0"
    "path-type" "^4.0.0"
    "yaml" "^1.10.0"

"dir-glob@^3.0.1":
  "integrity" "sha512-WkrWp9GR4KXfKGYzOLmTuGVi1UWFfws377n9cc55/tb6DuqyF6pcQ5AbiHEshaDpY9v6oaSr2XCDidGmMwdzIA=="
  "resolved" "https://registry.npmjs.org/dir-glob/-/dir-glob-3.0.1.tgz"
  "version" "3.0.1"
  dependencies:
    "path-type" "^4.0.0"

"error-ex@^1.3.1":
  "integrity" "sha512-7dFHNmqeFSEt2ZBsCriorKnn3Z2pj+fd9kmI6QoWw4//DL+icEBfc0U7qJCisqrTsKTjw4fNFy2pW9OqStD84g=="
  "resolved" "https://registry.npmjs.org/error-ex/-/error-ex-1.3.2.tgz"
  "version" "1.3.2"
  dependencies:
    "is-arrayish" "^0.2.1"

"esbuild@^0.8.16":
  "integrity" "sha512-vRRx5MZmiekw2R7jK5BppvBUFCJA0Zkl0wYxrDmyUvMPBcQC/xJvxJUM4R+Hgjgb3gp5P1W655AsuoqDeQQDVw=="
  "resolved" "https://registry.npmjs.org/esbuild/-/esbuild-0.8.21.tgz"
  "version" "0.8.21"

"escape-string-regexp@^1.0.5":
  "integrity" "sha1-G2HAViGQqN/2rjuyzwIAyhMLhtQ="
  "resolved" "https://registry.npmjs.org/escape-string-regexp/-/escape-string-regexp-1.0.5.tgz"
  "version" "1.0.5"

"fast-glob@^3.1.1":
  "integrity" "sha512-kr/Oo6PX51265qeuCYsyGypiO5uJFgBS0jksyG7FUeCyQzNwYnzrNIMR1NXfkZXsMYXYLRAHgISHBz8gQcxKHQ=="
  "resolved" "https://registry.npmjs.org/fast-glob/-/fast-glob-3.2.4.tgz"
  "version" "3.2.4"
  dependencies:
    "@nodelib/fs.stat" "^2.0.2"
    "@nodelib/fs.walk" "^1.2.3"
    "glob-parent" "^5.1.0"
    "merge2" "^1.3.0"
    "micromatch" "^4.0.2"
    "picomatch" "^2.2.1"

"fastq@^1.6.0":
  "integrity" "sha512-i7FVWL8HhVY+CTkwFxkN2mk3h+787ixS5S63eb78diVRc1MCssarHq3W5cj0av7YDSwmaV928RNag+U1etRQ7w=="
  "resolved" "https://registry.npmjs.org/fastq/-/fastq-1.9.0.tgz"
  "version" "1.9.0"
  dependencies:
    "reusify" "^1.0.4"

"fill-range@^7.0.1":
  "integrity" "sha512-qOo9F+dMUmC2Lcb4BbVvnKJxTPjCm+RRpe4gDuGrzkL7mEVl/djYSu2OdQ2Pa302N4oqkSg9ir6jaLWJ2USVpQ=="
  "resolved" "https://registry.npmjs.org/fill-range/-/fill-range-7.0.1.tgz"
  "version" "7.0.1"
  dependencies:
    "to-regex-range" "^5.0.1"

"fs.realpath@^1.0.0":
  "integrity" "sha1-FQStJSMVjKpA20onh8sBQRmU6k8="
  "resolved" "https://registry.npmjs.org/fs.realpath/-/fs.realpath-1.0.0.tgz"
  "version" "1.0.0"

"fsevents@~2.1.2":
  "integrity" "sha512-Auw9a4AxqWpa9GUfj370BMPzzyncfBABW8Mab7BGWBYDj4Isgq+cDKtx0i6u9jcX9pQDnswsaaOTgTmA5pEjuQ=="
  "resolved" "https://registry.npmjs.org/fsevents/-/fsevents-2.1.3.tgz"
  "version" "2.1.3"

"glob-parent@^5.1.0", "glob-parent@~5.1.0":
  "integrity" "sha512-FnI+VGOpnlGHWZxthPGR+QhR78fuiK0sNLkHQv+bL9fQi57lNNdquIbna/WrfROrolq8GK5Ek6BiMwqL/voRYQ=="
  "resolved" "https://registry.npmjs.org/glob-parent/-/glob-parent-5.1.1.tgz"
  "version" "5.1.1"
  dependencies:
    "is-glob" "^4.0.1"

"glob@7.1.6":
  "integrity" "sha512-LwaxwyZ72Lk7vZINtNNrywX0ZuLyStrdDtabefZKAY5ZGJhVtgdznluResxNmPitE0SAO+O26sWTHeKSI2wMBA=="
  "resolved" "https://registry.npmjs.org/glob/-/glob-7.1.6.tgz"
  "version" "7.1.6"
  dependencies:
    "fs.realpath" "^1.0.0"
    "inflight" "^1.0.4"
    "inherits" "2"
    "minimatch" "^3.0.4"
    "once" "^1.3.0"
    "path-is-absolute" "^1.0.0"

"globby@^11.0.1":
  "integrity" "sha512-iH9RmgwCmUJHi2z5o2l3eTtGBtXek1OYlHrbcxOYugyHLmAsZrPj43OtHThd62Buh/Vv6VyCBD2bdyWcGNQqoQ=="
  "resolved" "https://registry.npmjs.org/globby/-/globby-11.0.1.tgz"
  "version" "11.0.1"
  dependencies:
    "array-union" "^2.1.0"
    "dir-glob" "^3.0.1"
    "fast-glob" "^3.1.1"
    "ignore" "^5.1.4"
    "merge2" "^1.3.0"
    "slash" "^3.0.0"

"has-flag@^3.0.0":
  "integrity" "sha1-tdRU3CGZriJWmfNGfloH87lVuv0="
  "resolved" "https://registry.npmjs.org/has-flag/-/has-flag-3.0.0.tgz"
  "version" "3.0.0"

"has-flag@^4.0.0":
  "integrity" "sha512-EykJT/Q1KjTWctppgIAgfSO0tKVuZUjhgMr17kqTumMl6Afv3EISleU7qZUzoXDFTAHTDC4NOoG/ZxU3EvlMPQ=="
  "resolved" "https://registry.npmjs.org/has-flag/-/has-flag-4.0.0.tgz"
  "version" "4.0.0"

"ignore@^5.1.4":
  "integrity" "sha512-BMpfD7PpiETpBl/A6S498BaIJ6Y/ABT93ETbby2fP00v4EbvPBXWEoaR1UBPKs3iR53pJY7EtZk5KACI57i1Uw=="
  "resolved" "https://registry.npmjs.org/ignore/-/ignore-5.1.8.tgz"
  "version" "5.1.8"

"import-cwd@^3.0.0":
  "integrity" "sha512-4pnzH16plW+hgvRECbDWpQl3cqtvSofHWh44met7ESfZ8UZOWWddm8hEyDTqREJ9RbYHY8gi8DqmaelApoOGMg=="
  "resolved" "https://registry.npmjs.org/import-cwd/-/import-cwd-3.0.0.tgz"
  "version" "3.0.0"
  dependencies:
    "import-from" "^3.0.0"

"import-fresh@^3.2.1":
  "integrity" "sha512-cTPNrlvJT6twpYy+YmKUKrTSjWFs3bjYjAhCwm+z4EOCubZxAuO+hHpRN64TqjEaYSHs7tJAE0w1CKMGmsG/lw=="
  "resolved" "https://registry.npmjs.org/import-fresh/-/import-fresh-3.2.2.tgz"
  "version" "3.2.2"
  dependencies:
    "parent-module" "^1.0.0"
    "resolve-from" "^4.0.0"

"import-from@^3.0.0":
  "integrity" "sha512-CiuXOFFSzkU5x/CR0+z7T91Iht4CXgfCxVOFRhh2Zyhg5wOpWvvDLQUsWl+gcN+QscYBjez8hDCt85O7RLDttQ=="
  "resolved" "https://registry.npmjs.org/import-from/-/import-from-3.0.0.tgz"
  "version" "3.0.0"
  dependencies:
    "resolve-from" "^5.0.0"

"inflight@^1.0.4":
  "integrity" "sha1-Sb1jMdfQLQwJvJEKEHW6gWW1bfk="
  "resolved" "https://registry.npmjs.org/inflight/-/inflight-1.0.6.tgz"
  "version" "1.0.6"
  dependencies:
    "once" "^1.3.0"
    "wrappy" "1"

"inherits@2":
  "integrity" "sha512-k/vGaX4/Yla3WzyMCvTQOXYeIHvqOKtnqBduzTHpzpQZzAskKMhZ2K+EnBiSM9zGSoIFeMpXKxa4dYeZIQqewQ=="
  "resolved" "https://registry.npmjs.org/inherits/-/inherits-2.0.4.tgz"
  "version" "2.0.4"

"is-arrayish@^0.2.1":
  "integrity" "sha1-d8mYQFJ6qOyxqLppe4BkWnqSap0="
  "resolved" "https://registry.npmjs.org/is-arrayish/-/is-arrayish-0.2.1.tgz"
  "version" "0.2.1"

"is-binary-path@~2.1.0":
  "integrity" "sha512-ZMERYes6pDydyuGidse7OsHxtbI7WVeUEozgR/g7rd0xUimYNlvZRE/K2MgZTjWy725IfelLeVcEM97mmtRGXw=="
  "resolved" "https://registry.npmjs.org/is-binary-path/-/is-binary-path-2.1.0.tgz"
  "version" "2.1.0"
  dependencies:
    "binary-extensions" "^2.0.0"

"is-extglob@^2.1.1":
  "integrity" "sha1-qIwCU1eR8C7TfHahueqXc8gz+MI="
  "resolved" "https://registry.npmjs.org/is-extglob/-/is-extglob-2.1.1.tgz"
  "version" "2.1.1"

"is-glob@^4.0.1", "is-glob@~4.0.1":
  "integrity" "sha512-5G0tKtBTFImOqDnLB2hG6Bp2qcKEFduo4tZu9MT/H6NQv/ghhy30o55ufafxJ/LdH79LLs2Kfrn85TLKyA7BUg=="
  "resolved" "https://registry.npmjs.org/is-glob/-/is-glob-4.0.1.tgz"
  "version" "4.0.1"
  dependencies:
    "is-extglob" "^2.1.1"

"is-number@^7.0.0":
  "integrity" "sha512-41Cifkg6e8TylSpdtTpeLVMqvSBEVzTttHvERD741+pnZ8ANv0004MRL43QKPDlK9cGvNp6NZWZUBlbGXYxxng=="
  "resolved" "https://registry.npmjs.org/is-number/-/is-number-7.0.0.tgz"
  "version" "7.0.0"

"joycon@^2.2.5":
  "integrity" "sha512-YqvUxoOcVPnCp0VU1/56f+iKSdvIRJYPznH22BdXV3xMk75SFXhWeJkZ8C9XxUWt1b5x2X1SxuFygW1U0FmkEQ=="
  "resolved" "https://registry.npmjs.org/joycon/-/joycon-2.2.5.tgz"
  "version" "2.2.5"

"js-tokens@^4.0.0":
  "integrity" "sha512-RdJUflcE3cUzKiMqQgsCu06FPu9UdIJO0beYbPhHN4k6apgJtifcoCtT9bcxOpYBtpD2kCM6Sbzg4CausW/PKQ=="
  "resolved" "https://registry.npmjs.org/js-tokens/-/js-tokens-4.0.0.tgz"
  "version" "4.0.0"

"json-parse-even-better-errors@^2.3.0":
  "integrity" "sha512-xyFwyhro/JEof6Ghe2iz2NcXoj2sloNsWr/XsERDK/oiPCfaNhl5ONfp+jQdAZRQQ0IJWNzH9zIZF7li91kh2w=="
  "resolved" "https://registry.npmjs.org/json-parse-even-better-errors/-/json-parse-even-better-errors-2.3.1.tgz"
  "version" "2.3.1"

"lines-and-columns@^1.1.6":
  "integrity" "sha1-HADHQ7QzzQpOgHWPe2SldEDZ/wA="
  "resolved" "https://registry.npmjs.org/lines-and-columns/-/lines-and-columns-1.1.6.tgz"
  "version" "1.1.6"

"merge2@^1.3.0":
  "integrity" "sha512-8q7VEgMJW4J8tcfVPy8g09NcQwZdbwFEqhe/WZkoIzjn/3TGDwtOCYtXGxA3O8tPzpczCCDgv+P2P5y00ZJOOg=="
  "resolved" "https://registry.npmjs.org/merge2/-/merge2-1.4.1.tgz"
  "version" "1.4.1"

"micromatch@^4.0.2":
  "integrity" "sha512-y7FpHSbMUMoyPbYUSzO6PaZ6FyRnQOpHuKwbo1G+Knck95XVU4QAiKdGEnj5wwoS7PlOgthX/09u5iFJ+aYf5Q=="
  "resolved" "https://registry.npmjs.org/micromatch/-/micromatch-4.0.2.tgz"
  "version" "4.0.2"
  dependencies:
    "braces" "^3.0.1"
    "picomatch" "^2.0.5"

"minimatch@^3.0.4":
  "integrity" "sha512-yJHVQEhyqPLUTgt9B83PXu6W3rx4MvvHvSUvToogpwoGDOUQ+yDrR0HRot+yOCdCO7u4hX3pWft6kWBBcqh0UA=="
  "resolved" "https://registry.npmjs.org/minimatch/-/minimatch-3.0.4.tgz"
  "version" "3.0.4"
  dependencies:
    "brace-expansion" "^1.1.7"

"mz@^2.7.0":
  "integrity" "sha512-z81GNO7nnYMEhrGh9LeymoE4+Yr0Wn5McHIZMK5cfQCl+NDX08sCZgUc9/6MHni9IWuFLm1Z3HTCXu2z9fN62Q=="
  "resolved" "https://registry.npmjs.org/mz/-/mz-2.7.0.tgz"
  "version" "2.7.0"
  dependencies:
    "any-promise" "^1.0.0"
    "object-assign" "^4.0.1"
    "thenify-all" "^1.0.0"

"node-modules-regexp@^1.0.0":
  "integrity" "sha1-jZ2+KJZKSsVxLpExZCEHxx6Q7EA="
  "resolved" "https://registry.npmjs.org/node-modules-regexp/-/node-modules-regexp-1.0.0.tgz"
  "version" "1.0.0"

"normalize-path@^3.0.0", "normalize-path@~3.0.0":
  "integrity" "sha512-6eZs5Ls3WtCisHWp9S2GUy8dqkpGi4BVSz3GaqiE6ezub0512ESztXUwUB6C6IKbQkY2Pnb/mD4WYojCRwcwLA=="
  "resolved" "https://registry.npmjs.org/normalize-path/-/normalize-path-3.0.0.tgz"
  "version" "3.0.0"

"object-assign@^4.0.1":
  "integrity" "sha1-IQmtx5ZYh8/AXLvUQsrIv7s2CGM="
  "resolved" "https://registry.npmjs.org/object-assign/-/object-assign-4.1.1.tgz"
  "version" "4.1.1"

"once@^1.3.0":
  "integrity" "sha1-WDsap3WWHUsROsF9nFC6753Xa9E="
  "resolved" "https://registry.npmjs.org/once/-/once-1.4.0.tgz"
  "version" "1.4.0"
  dependencies:
    "wrappy" "1"

"parent-module@^1.0.0":
  "integrity" "sha512-GQ2EWRpQV8/o+Aw8YqtfZZPfNRWZYkbidE9k5rpl/hC3vtHHBfGm2Ifi6qWV+coDGkrUKZAxE3Lot5kcsRlh+g=="
  "resolved" "https://registry.npmjs.org/parent-module/-/parent-module-1.0.1.tgz"
  "version" "1.0.1"
  dependencies:
    "callsites" "^3.0.0"

"parse-json@^5.0.0":
  "integrity" "sha512-+mi/lmVVNKFNVyLXV31ERiy2CY5E1/F6QtJFEzoChPRwwngMNXRDQ9GJ5WdE2Z2P4AujsOi0/+2qHID68KwfIQ=="
  "resolved" "https://registry.npmjs.org/parse-json/-/parse-json-5.1.0.tgz"
  "version" "5.1.0"
  dependencies:
    "@babel/code-frame" "^7.0.0"
    "error-ex" "^1.3.1"
    "json-parse-even-better-errors" "^2.3.0"
    "lines-and-columns" "^1.1.6"

"path-is-absolute@^1.0.0":
  "integrity" "sha1-F0uSaHNVNP+8es5r9TpanhtcX18="
  "resolved" "https://registry.npmjs.org/path-is-absolute/-/path-is-absolute-1.0.1.tgz"
  "version" "1.0.1"

"path-type@^4.0.0":
  "integrity" "sha512-gDKb8aZMDeD/tZWs9P6+q0J9Mwkdl6xMV8TjnGP3qJVJ06bdMgkbBlLU8IdfOsIsFz2BW1rNVT3XuNEl8zPAvw=="
  "resolved" "https://registry.npmjs.org/path-type/-/path-type-4.0.0.tgz"
  "version" "4.0.0"

"picomatch@^2.0.4", "picomatch@^2.0.5", "picomatch@^2.2.1":
  "integrity" "sha512-q0M/9eZHzmr0AulXyPwNfZjtwZ/RBZlbN3K3CErVrk50T2ASYI7Bye0EvekFY3IP1Nt2DHu0re+V2ZHIpMkuWg=="
  "resolved" "https://registry.npmjs.org/picomatch/-/picomatch-2.2.2.tgz"
  "version" "2.2.2"

"pirates@^4.0.1":
  "integrity" "sha512-WuNqLTbMI3tmfef2TKxlQmAiLHKtFhlsCZnPIpuv2Ow0RDVO8lfy1Opf4NUzlMXLjPl+Men7AuVdX6TA+s+uGA=="
  "resolved" "https://registry.npmjs.org/pirates/-/pirates-4.0.1.tgz"
  "version" "4.0.1"
  dependencies:
    "node-modules-regexp" "^1.0.0"

"postcss-load-config@^3.0.0":
  "integrity" "sha512-lErrN8imuEF1cSiHBV8MiR7HeuzlDpCGNtaMyYHlOBuJHHOGw6S4xOMZp8BbXPr7AGQp14L6PZDlIOpfFJ6f7w=="
  "resolved" "https://registry.npmjs.org/postcss-load-config/-/postcss-load-config-3.0.0.tgz"
  "version" "3.0.0"
  dependencies:
    "cosmiconfig" "^7.0.0"
    "import-cwd" "^3.0.0"

"readdirp@~3.5.0":
  "integrity" "sha512-cMhu7c/8rdhkHXWsY+osBhfSy0JikwpHK/5+imo+LpeasTF8ouErHrlYkwT0++njiyuDvc7OFY5T3ukvZ8qmFQ=="
  "resolved" "https://registry.npmjs.org/readdirp/-/readdirp-3.5.0.tgz"
  "version" "3.5.0"
  dependencies:
    "picomatch" "^2.2.1"

"resolve-from@^4.0.0":
  "integrity" "sha512-pb/MYmXstAkysRFx8piNI1tGFNQIFA3vkE3Gq4EuA1dF6gHp/+vgZqsCGJapvy8N3Q+4o7FwvquPJcnZ7RYy4g=="
  "resolved" "https://registry.npmjs.org/resolve-from/-/resolve-from-4.0.0.tgz"
  "version" "4.0.0"

"resolve-from@^5.0.0":
  "integrity" "sha512-qYg9KP24dD5qka9J47d0aVky0N+b4fTU89LN9iDnjB5waksiC49rvMB0PrUJQGoTmH50XPiqOvAjDfaijGxYZw=="
  "resolved" "https://registry.npmjs.org/resolve-from/-/resolve-from-5.0.0.tgz"
  "version" "5.0.0"

"reusify@^1.0.4":
  "integrity" "sha512-U9nH88a3fc/ekCF1l0/UP1IosiuIjyTh7hBvXVMHYgVcfGvt897Xguj2UOLDeI5BG2m7/uwyaLVT6fbtCwTyzw=="
  "resolved" "https://registry.npmjs.org/reusify/-/reusify-1.0.4.tgz"
  "version" "1.0.4"

"rollup-plugin-dts@^1.4.10":
  "integrity" "sha512-H33aGCUbp/Lm+tbkG5gZePnuWvvaafkwh7Uh4RYJs0/ChOfWlENCby1wOn+xBVsCzpV/g/+OVYqgzVjT80dNJg=="
  "resolved" "https://registry.npmjs.org/rollup-plugin-dts/-/rollup-plugin-dts-1.4.14.tgz"
  "version" "1.4.14"
  dependencies:
    "@babel/code-frame" "^7.10.4"
  optionalDependencies:
    "@babel/code-frame" "^7.10.4"

"rollup@^2.33.1", "rollup@^2.33.3":
  "integrity" "sha512-mvtQLqu3cNeoctS+kZ09iOPxrc1P1/Bt1z15enuQ5feyKOdM3MJAVFjjsygurDpSWn530xB4AlA83TWIzRstXA=="
  "resolved" "https://registry.npmjs.org/rollup/-/rollup-2.34.2.tgz"
  "version" "2.34.2"
  dependencies:
    "fsevents" "~2.1.2"
  optionalDependencies:
    "fsevents" "~2.1.2"

"run-parallel@^1.1.9":
  "integrity" "sha512-zb/1OuZ6flOlH6tQyMPUrE3x3Ulxjlo9WIVXR4yVYi4H9UXQaeIsPbLn2R3O3vQCnDKkAl2qHiuocKKX4Tz/Sw=="
  "resolved" "https://registry.npmjs.org/run-parallel/-/run-parallel-1.1.10.tgz"
  "version" "1.1.10"

"slash@^3.0.0":
  "integrity" "sha512-g9Q1haeby36OSStwb4ntCGGGaKsaVSjQ68fBxoQcutl5fS1vuY18H3wSt3jFyFtrkx+Kz0V1G85A4MyAdDMi2Q=="
  "resolved" "https://registry.npmjs.org/slash/-/slash-3.0.0.tgz"
  "version" "3.0.0"

"sucrase@^3.16.0":
  "integrity" "sha512-ovVuswxV5TayCPXfTk8bgBgk6uNRvsinIkEpq0J6zS1xXCx5N/LLGcbsKdRhqn/ToZylMX6+yXaR1LSn1I42Pg=="
  "resolved" "https://registry.npmjs.org/sucrase/-/sucrase-3.16.0.tgz"
  "version" "3.16.0"
  dependencies:
    "commander" "^4.0.0"
    "glob" "7.1.6"
    "lines-and-columns" "^1.1.6"
    "mz" "^2.7.0"
    "pirates" "^4.0.1"
    "ts-interface-checker" "^0.1.9"

"supports-color@^5.3.0":
  "integrity" "sha512-QjVjwdXIt408MIiAqCX4oUKsgU2EqAGzs2Ppkm4aQYbjm+ZEWEcW4SfFNTr4uMNZma0ey4f5lgLrkB0aX0QMow=="
  "resolved" "https://registry.npmjs.org/supports-color/-/supports-color-5.5.0.tgz"
  "version" "5.5.0"
  dependencies:
    "has-flag" "^3.0.0"

"supports-color@^7.1.0":
  "integrity" "sha512-qpCAvRl9stuOHveKsn7HncJRvv501qIacKzQlO/+Lwxc9+0q2wLyv4Dfvt80/DPn2pqOBsJdDiogXGR9+OvwRw=="
  "resolved" "https://registry.npmjs.org/supports-color/-/supports-color-7.2.0.tgz"
  "version" "7.2.0"
  dependencies:
    "has-flag" "^4.0.0"

"svelte@^3.29.4":
  "integrity" "sha512-r+n8UJkDqoQm1b+3tA3Lh6mHXKpcfOSOuEuIo5gE2W9wQYi64RYX/qE6CZBDDsP/H4M+N426JwY7XGH4xASvGQ=="
  "resolved" "https://registry.npmjs.org/svelte/-/svelte-3.31.0.tgz"
  "version" "3.31.0"

"swrev@^1.7.0":
  "integrity" "sha512-zIS4CuyRGXVd7CwQOdzswQHselWmbuHQt5Jn6ckVvFOZXXpnM2Z13UxueYUvDJ+Hlp5Dqi8j5tmxtcuE16YT4w=="
  "resolved" "https://registry.npmjs.org/swrev/-/swrev-1.7.0.tgz"
  "version" "1.7.0"

"thenify-all@^1.0.0":
  "integrity" "sha1-GhkY1ALY/D+Y+/I02wvMjMEOlyY="
  "resolved" "https://registry.npmjs.org/thenify-all/-/thenify-all-1.6.0.tgz"
  "version" "1.6.0"
  dependencies:
    "thenify" ">= 3.1.0 < 4"

"thenify@>= 3.1.0 < 4":
  "integrity" "sha512-RVZSIV5IG10Hk3enotrhvz0T9em6cyHBLkH/YAZuKqd8hRkKhSfCGIcP2KUY0EPxndzANBmNllzWPwak+bheSw=="
  "resolved" "https://registry.npmjs.org/thenify/-/thenify-3.3.1.tgz"
  "version" "3.3.1"
  dependencies:
    "any-promise" "^1.0.0"

"to-regex-range@^5.0.1":
  "integrity" "sha512-65P7iz6X5yEr1cwcgvQxbbIw7Uk3gOy5dIdtZ4rDveLqhrdJP+Li/Hx6tyK0NEb+2GCyneCMJiGqrADCSNk8sQ=="
  "resolved" "https://registry.npmjs.org/to-regex-range/-/to-regex-range-5.0.1.tgz"
  "version" "5.0.1"
  dependencies:
    "is-number" "^7.0.0"

"ts-interface-checker@^0.1.9":
  "integrity" "sha512-Y/arvbn+rrz3JCKl9C4kVNfTfSm2/mEp5FSz5EsZSANGPSlQrpRI5M4PKF+mJnE52jOO90PnPSc3Ur3bTQw0gA=="
  "resolved" "https://registry.npmjs.org/ts-interface-checker/-/ts-interface-checker-0.1.13.tgz"
  "version" "0.1.13"

"tsup@^3.7.1":
  "integrity" "sha512-UkbzohJlK7kKtjH1DQdujMTEwZt1SArLCR2xujejk6qMmiblQMtoby9WL5QzhUztPTy9aNNGDRSu4PX7PdbceA=="
  "resolved" "https://registry.npmjs.org/tsup/-/tsup-3.10.1.tgz"
  "version" "3.10.1"
  dependencies:
    "cac" "^6.6.1"
    "chalk" "^4.1.0"
    "chokidar" "^3.4.3"
    "esbuild" "^0.8.16"
    "globby" "^11.0.1"
    "joycon" "^2.2.5"
    "postcss-load-config" "^3.0.0"
    "resolve-from" "^5.0.0"
    "rollup" "^2.33.3"
    "rollup-plugin-dts" "^1.4.10"
    "sucrase" "^3.16.0"

"typescript@^4.0.5":
  "integrity" "sha512-thGloWsGH3SOxv1SoY7QojKi0tc+8FnOmiarEGMbd/lar7QOEd3hvlx3Fp5y6FlDUGl9L+pd4n2e+oToGMmhRQ=="
  "resolved" "https://registry.npmjs.org/typescript/-/typescript-4.1.2.tgz"
  "version" "4.1.2"

"wrappy@1":
  "integrity" "sha1-tSQ9jz7BqjXxNkYFvA0QNuMKtp8="
  "resolved" "https://registry.npmjs.org/wrappy/-/wrappy-1.0.2.tgz"
  "version" "1.0.2"

"yaml@^1.10.0":
  "integrity" "sha512-yr2icI4glYaNG+KWONODapy2/jDdMSDnrONSjblABjD9B4Z5LgiircSt8m8sRZFNi08kG9Sm0uSHtEmP3zaEGg=="
  "resolved" "https://registry.npmjs.org/yaml/-/yaml-1.10.0.tgz"
  "version" "1.10.0"
